[[package]]
name = "asgiref"
version = "3.3.1"
description = "ASGI specs, helper code, and adapters"
category = "main"
optional = false
python-versions = ">=3.5"

[package.extras]
tests = ["pytest", "pytest-asyncio"]

[[package]]
name = "beautifulsoup4"
version = "4.9.3"
description = "Screen-scraping library"
category = "main"
optional = false
python-versions = "*"

[package.dependencies]
soupsieve = {version = ">1.2", markers = "python_version >= \"3.0\""}

[package.extras]
html5lib = ["html5lib"]
lxml = ["lxml"]

[[package]]
name = "cachetools"
version = "4.2.0"
description = "Extensible memoizing collections and decorators"
category = "main"
optional = false
python-versions = "~=3.5"

[[package]]
name = "django"
version = "3.1.4"
description = "A high-level Python Web framework that encourages rapid development and clean, pragmatic design."
category = "main"
optional = false
python-versions = ">=3.6"

[package.dependencies]
asgiref = ">=3.2.10,<4"
pytz = "*"
sqlparse = ">=0.2.2"

[package.extras]
argon2 = ["argon2-cffi (>=16.1.0)"]
bcrypt = ["bcrypt"]

[[package]]
name = "django-unicorn"
version = "0.13.0"
description = "A magical full-stack framework for Django."
category = "main"
optional = false
python-versions = ">=3.6,<4.0"

[package.dependencies]
beautifulsoup4 = ">=4.8.0"
cachetools = ">=4.1.1,<5.0.0"
django = ">=3.0.0"
orjson = ">=3.2.1,<4.0.0"
shortuuid = ">=1.0.1,<2.0.0"
wrapt = ">=1.12.1,<2.0.0"

[[package]]
name = "orjson"
version = "3.4.6"
description = "Fast, correct Python JSON library supporting dataclasses, datetimes, and numpy"
category = "main"
optional = false
python-versions = ">=3.6"

[[package]]
name = "pytz"
version = "2020.4"
description = "World timezone definitions, modern and historical"
category = "main"
optional = false
python-versions = "*"

[[package]]
name = "shortuuid"
version = "1.0.1"
description = "A generator library for concise, unambiguous and URL-safe UUIDs."
category = "main"
optional = false
python-versions = ">=3.5"

[[package]]
name = "soupsieve"
version = "2.1"
description = "A modern CSS selector implementation for Beautiful Soup."
category = "main"
optional = false
python-versions = ">=3.5"

[[package]]
name = "sqlparse"
version = "0.4.1"
description = "A non-validating SQL parser."
category = "main"
optional = false
python-versions = ">=3.5"

[[package]]
name = "wrapt"
version = "1.12.1"
description = "Module for decorators, wrappers and monkey patching."
category = "main"
optional = false
python-versions = "*"

[metadata]
lock-version = "1.1"
python-versions = "^3.6"
content-hash = "056e320a2b38fffa0abf36b93c664f5c508752a0b9d681c180139620b107623e"

[metadata.files]
asgiref = [
    {file = "asgiref-3.3.1-py3-none-any.whl", hash = "sha256:5ee950735509d04eb673bd7f7120f8fa1c9e2df495394992c73234d526907e17"},
    {file = "asgiref-3.3.1.tar.gz", hash = "sha256:7162a3cb30ab0609f1a4c95938fd73e8604f63bdba516a7f7d64b83ff09478f0"},
]
beautifulsoup4 = [
    {file = "beautifulsoup4-4.9.3-py2-none-any.whl", hash = "sha256:4c98143716ef1cb40bf7f39a8e3eec8f8b009509e74904ba3a7b315431577e35"},
    {file = "beautifulsoup4-4.9.3-py3-none-any.whl", hash = "sha256:fff47e031e34ec82bf17e00da8f592fe7de69aeea38be00523c04623c04fb666"},
    {file = "beautifulsoup4-4.9.3.tar.gz", hash = "sha256:84729e322ad1d5b4d25f805bfa05b902dd96450f43842c4e99067d5e1369eb25"},
]
cachetools = [
    {file = "cachetools-4.2.0-py3-none-any.whl", hash = "sha256:c6b07a6ded8c78bf36730b3dc452dfff7d95f2a12a2fed856b1a0cb13ca78c61"},
    {file = "cachetools-4.2.0.tar.gz", hash = "sha256:3796e1de094f0eaca982441c92ce96c68c89cced4cd97721ab297ea4b16db90e"},
]
django = [
    {file = "Django-3.1.4-py3-none-any.whl", hash = "sha256:5c866205f15e7a7123f1eec6ab939d22d5bde1416635cab259684af66d8e48a2"},
    {file = "Django-3.1.4.tar.gz", hash = "sha256:edb10b5c45e7e9c0fb1dc00b76ec7449aca258a39ffd613dbd078c51d19c9f03"},
]
django-unicorn = [
    {file = "django-unicorn-0.13.0.tar.gz", hash = "sha256:1c64b1a796345c88a5877fb9d7dbac2f5f19ed8e3e2519af7279f6b731ca64f6"},
    {file = "django_unicorn-0.13.0-py3-none-any.whl", hash = "sha256:7002eeb9110c251fbd9608b36af9db66d6bb3041d5d3c73604b864ee44d490d3"},
]
orjson = [
    {file = "orjson-3.4.6-cp36-cp36m-macosx_10_7_x86_64.whl", hash = "sha256:4e258f4696255de8038fd01ead8277a7c5c6d1e453cc7ca5aad8c1e9f74af62e"},
    {file = "orjson-3.4.6-cp36-cp36m-manylinux2014_aarch64.whl", hash = "sha256:283e54f0e2175ffe3f3acb20473da9d13f944a5faca6b066e0df2096ca8dda58"},
    {file = "orjson-3.4.6-cp36-cp36m-manylinux2014_x86_64.whl", hash = "sha256:9864c587a009cc266fce02fbb2d99dd25c773bdd650d4728ef419686c4130380"},
    {file = "orjson-3.4.6-cp36-none-win_amd64.whl", hash = "sha256:9a861504727f3ded5e13ca321fb4187ace3300113c6bf1554088619bbb557f89"},
    {file = "orjson-3.4.6-cp37-cp37m-macosx_10_7_x86_64.whl", hash = "sha256:3fe17a3f0f68b29a2f096817afd98ef680dec7c7577d12de6465e942cd9e4e71"},
    {file = "orjson-3.4.6-cp37-cp37m-manylinux2014_aarch64.whl", hash = "sha256:38f01ee249813d80e18eaeb5c434e026ddce631a7f1a93265f7035bc7e6621ff"},
    {file = "orjson-3.4.6-cp37-cp37m-manylinux2014_x86_64.whl", hash = "sha256:c961711a8e1ec688fcc978638a1b618c1bfff65929f99edecfa8b67ab26ec2de"},
    {file = "orjson-3.4.6-cp37-none-win_amd64.whl", hash = "sha256:218f164aa917b82e328f177c4121fb45c178b746f917c21739fc3eb5f5b7ca8b"},
    {file = "orjson-3.4.6-cp38-cp38-macosx_10_7_x86_64.whl", hash = "sha256:67d8e09030342d0153c86676cebdbca5cd12e257a436c8238a25e52f800de98a"},
    {file = "orjson-3.4.6-cp38-cp38-manylinux2014_aarch64.whl", hash = "sha256:bac00616ee44c78c8a8bd7e3d6c394ff97d2a45e1b3f453d6a29ffce97b6ffca"},
    {file = "orjson-3.4.6-cp38-cp38-manylinux2014_x86_64.whl", hash = "sha256:f5008f92ecf5d0cb0cb172d6d9aa76f48d54cc1b6abc4fc83f430d58de9148ba"},
    {file = "orjson-3.4.6-cp38-none-win_amd64.whl", hash = "sha256:5fe9097f622c7ad47a511a3d2189576b11d1be4b067f094089c45a01ae80b34f"},
    {file = "orjson-3.4.6-cp39-cp39-macosx_10_7_x86_64.whl", hash = "sha256:7132aa4779388f0c0ef2d944efd7f170b41f9d5eadd69813b715afe05af23fbc"},
    {file = "orjson-3.4.6-cp39-cp39-manylinux2014_aarch64.whl", hash = "sha256:8b246b9234d920fb8f1373167e63254581639482e710ea515354979ec13a47a9"},
    {file = "orjson-3.4.6-cp39-cp39-manylinux2014_x86_64.whl", hash = "sha256:b62c64d2336fe9e1a21f0b89f12946d988fd1feb365c2e6f90071c21aca3127d"},
    {file = "orjson-3.4.6-cp39-none-win_amd64.whl", hash = "sha256:a60db27bcba1645c0199ebe4edc1290a91ee22644dde61ee9257ebbacbf5d81e"},
    {file = "orjson-3.4.6.tar.gz", hash = "sha256:e1b4128baebf7968572343834b282794e20c5082f55f42b9675b04df0749e087"},
]
pytz = [
    {file = "pytz-2020.4-py2.py3-none-any.whl", hash = "sha256:5c55e189b682d420be27c6995ba6edce0c0a77dd67bfbe2ae6607134d5851ffd"},
    {file = "pytz-2020.4.tar.gz", hash = "sha256:3e6b7dd2d1e0a59084bcee14a17af60c5c562cdc16d828e8eba2e683d3a7e268"},
]
shortuuid = [
    {file = "shortuuid-1.0.1-py3-none-any.whl", hash = "sha256:492c7402ff91beb1342a5898bd61ea953985bf24a41cd9f247409aa2e03c8f77"},
    {file = "shortuuid-1.0.1.tar.gz", hash = "sha256:3c11d2007b915c43bee3e10625f068d8a349e04f0d81f08f5fa08507427ebf1f"},
]
soupsieve = [
    {file = "soupsieve-2.1-py3-none-any.whl", hash = "sha256:4bb21a6ee4707bf43b61230e80740e71bfe56e55d1f1f50924b087bb2975c851"},
    {file = "soupsieve-2.1.tar.gz", hash = "sha256:6dc52924dc0bc710a5d16794e6b3480b2c7c08b07729505feab2b2c16661ff6e"},
]
sqlparse = [
    {file = "sqlparse-0.4.1-py3-none-any.whl", hash = "sha256:017cde379adbd6a1f15a61873f43e8274179378e95ef3fede90b5aa64d304ed0"},
    {file = "sqlparse-0.4.1.tar.gz", hash = "sha256:0f91fd2e829c44362cbcfab3e9ae12e22badaa8a29ad5ff599f9ec109f0454e8"},
]
wrapt = [
    {file = "wrapt-1.12.1.tar.gz", hash = "sha256:b62ffa81fb85f4332a4f609cab4ac40709470da05643a082ec1eb88e6d9b97d7"},
]
